// !$*UTF8*$!
{
	archiveVersion = 1;
	classes = {
	};
	objectVersion = 50;
	objects = {

/* Begin PBXBuildFile section */
		26AB6A3D25967A5900960AD0 /* LandmarksApp.swift in Sources */ = {isa = PBXBuildFile; fileRef = 26AB6A3C25967A5900960AD0 /* LandmarksApp.swift */; };
		26AB6A3F25967A5900960AD0 /* ContentView.swift in Sources */ = {isa = PBXBuildFile; fileRef = 26AB6A3E25967A5900960AD0 /* ContentView.swift */; };
		26AB6A4125967A5A00960AD0 /* Assets.xcassets in Resources */ = {isa = PBXBuildFile; fileRef = 26AB6A4025967A5A00960AD0 /* Assets.xcassets */; };
		26AB6A4425967A5A00960AD0 /* Preview Assets.xcassets in Resources */ = {isa = PBXBuildFile; fileRef = 26AB6A4325967A5A00960AD0 /* Preview Assets.xcassets */; };
		26AB6A4F25967A5A00960AD0 /* LandmarksTests.swift in Sources */ = {isa = PBXBuildFile; fileRef = 26AB6A4E25967A5A00960AD0 /* LandmarksTests.swift */; };
		26AB6A5A25967A5A00960AD0 /* LandmarksUITests.swift in Sources */ = {isa = PBXBuildFile; fileRef = 26AB6A5925967A5A00960AD0 /* LandmarksUITests.swift */; };
		26AB6A6B25978BBE00960AD0 /* CircleImage.swift in Sources */ = {isa = PBXBuildFile; fileRef = 26AB6A6A25978BBE00960AD0 /* CircleImage.swift */; };
		26AB6A6C25978BBE00960AD0 /* CircleImage.swift in Sources */ = {isa = PBXBuildFile; fileRef = 26AB6A6A25978BBE00960AD0 /* CircleImage.swift */; };
		26AB6A6D25978BBE00960AD0 /* CircleImage.swift in Sources */ = {isa = PBXBuildFile; fileRef = 26AB6A6A25978BBE00960AD0 /* CircleImage.swift */; };
		26AB6A7225978D2100960AD0 /* MapView.swift in Sources */ = {isa = PBXBuildFile; fileRef = 26AB6A7125978D2100960AD0 /* MapView.swift */; };
		26AB6A7325978D2100960AD0 /* MapView.swift in Sources */ = {isa = PBXBuildFile; fileRef = 26AB6A7125978D2100960AD0 /* MapView.swift */; };
		26AB6A7425978D2100960AD0 /* MapView.swift in Sources */ = {isa = PBXBuildFile; fileRef = 26AB6A7125978D2100960AD0 /* MapView.swift */; };
		26AB6A7A259796C300960AD0 /* landmarkData.json in Resources */ = {isa = PBXBuildFile; fileRef = 26AB6A79259796C300960AD0 /* landmarkData.json */; };
		26AB6A7B259796C300960AD0 /* landmarkData.json in Resources */ = {isa = PBXBuildFile; fileRef = 26AB6A79259796C300960AD0 /* landmarkData.json */; };
		26AB6A7C259796C300960AD0 /* landmarkData.json in Resources */ = {isa = PBXBuildFile; fileRef = 26AB6A79259796C300960AD0 /* landmarkData.json */; };
		26AB6A84259796EA00960AD0 /* Landmark.swift in Sources */ = {isa = PBXBuildFile; fileRef = 26AB6A83259796EA00960AD0 /* Landmark.swift */; };
		26AB6A85259796EA00960AD0 /* Landmark.swift in Sources */ = {isa = PBXBuildFile; fileRef = 26AB6A83259796EA00960AD0 /* Landmark.swift */; };
		26AB6A86259796EA00960AD0 /* Landmark.swift in Sources */ = {isa = PBXBuildFile; fileRef = 26AB6A83259796EA00960AD0 /* Landmark.swift */; };
		26AB6A8E2597999200960AD0 /* ModelData.swift in Sources */ = {isa = PBXBuildFile; fileRef = 26AB6A8D2597999200960AD0 /* ModelData.swift */; };
		26AB6A8F2597999200960AD0 /* ModelData.swift in Sources */ = {isa = PBXBuildFile; fileRef = 26AB6A8D2597999200960AD0 /* ModelData.swift */; };
		26AB6A902597999200960AD0 /* ModelData.swift in Sources */ = {isa = PBXBuildFile; fileRef = 26AB6A8D2597999200960AD0 /* ModelData.swift */; };
		26AB6A99259799F300960AD0 /* ContentView.swift in Sources */ = {isa = PBXBuildFile; fileRef = 26AB6A3E25967A5900960AD0 /* ContentView.swift */; };
		26AB6A9A259799F300960AD0 /* ContentView.swift in Sources */ = {isa = PBXBuildFile; fileRef = 26AB6A3E25967A5900960AD0 /* ContentView.swift */; };
/* End PBXBuildFile section */

/* Begin PBXContainerItemProxy section */
		26AB6A4B25967A5A00960AD0 /* PBXContainerItemProxy */ = {
			isa = PBXContainerItemProxy;
			containerPortal = 26AB6A3125967A5900960AD0 /* Project object */;
			proxyType = 1;
			remoteGlobalIDString = 26AB6A3825967A5900960AD0;
			remoteInfo = Landmarks;
		};
		26AB6A5625967A5A00960AD0 /* PBXContainerItemProxy */ = {
			isa = PBXContainerItemProxy;
			containerPortal = 26AB6A3125967A5900960AD0 /* Project object */;
			proxyType = 1;
			remoteGlobalIDString = 26AB6A3825967A5900960AD0;
			remoteInfo = Landmarks;
		};
/* End PBXContainerItemProxy section */

/* Begin PBXFileReference section */
		26AB6A3925967A5900960AD0 /* Landmarks.app */ = {isa = PBXFileReference; explicitFileType = wrapper.application; includeInIndex = 0; path = Landmarks.app; sourceTree = BUILT_PRODUCTS_DIR; };
		26AB6A3C25967A5900960AD0 /* LandmarksApp.swift */ = {isa = PBXFileReference; lastKnownFileType = sourcecode.swift; path = LandmarksApp.swift; sourceTree = "<group>"; };
		26AB6A3E25967A5900960AD0 /* ContentView.swift */ = {isa = PBXFileReference; lastKnownFileType = sourcecode.swift; path = ContentView.swift; sourceTree = "<group>"; };
		26AB6A4025967A5A00960AD0 /* Assets.xcassets */ = {isa = PBXFileReference; lastKnownFileType = folder.assetcatalog; path = Assets.xcassets; sourceTree = "<group>"; };
		26AB6A4325967A5A00960AD0 /* Preview Assets.xcassets */ = {isa = PBXFileReference; lastKnownFileType = folder.assetcatalog; path = "Preview Assets.xcassets"; sourceTree = "<group>"; };
		26AB6A4525967A5A00960AD0 /* Info.plist */ = {isa = PBXFileReference; lastKnownFileType = text.plist.xml; path = Info.plist; sourceTree = "<group>"; };
		26AB6A4A25967A5A00960AD0 /* LandmarksTests.xctest */ = {isa = PBXFileReference; explicitFileType = wrapper.cfbundle; includeInIndex = 0; path = LandmarksTests.xctest; sourceTree = BUILT_PRODUCTS_DIR; };
		26AB6A4E25967A5A00960AD0 /* LandmarksTests.swift */ = {isa = PBXFileReference; lastKnownFileType = sourcecode.swift; path = LandmarksTests.swift; sourceTree = "<group>"; };
		26AB6A5025967A5A00960AD0 /* Info.plist */ = {isa = PBXFileReference; lastKnownFileType = text.plist.xml; path = Info.plist; sourceTree = "<group>"; };
		26AB6A5525967A5A00960AD0 /* LandmarksUITests.xctest */ = {isa = PBXFileReference; explicitFileType = wrapper.cfbundle; includeInIndex = 0; path = LandmarksUITests.xctest; sourceTree = BUILT_PRODUCTS_DIR; };
		26AB6A5925967A5A00960AD0 /* LandmarksUITests.swift */ = {isa = PBXFileReference; lastKnownFileType = sourcecode.swift; path = LandmarksUITests.swift; sourceTree = "<group>"; };
		26AB6A5B25967A5A00960AD0 /* Info.plist */ = {isa = PBXFileReference; lastKnownFileType = text.plist.xml; path = Info.plist; sourceTree = "<group>"; };
		26AB6A6A25978BBE00960AD0 /* CircleImage.swift */ = {isa = PBXFileReference; lastKnownFileType = sourcecode.swift; path = CircleImage.swift; sourceTree = "<group>"; };
		26AB6A7125978D2100960AD0 /* MapView.swift */ = {isa = PBXFileReference; lastKnownFileType = sourcecode.swift; path = MapView.swift; sourceTree = "<group>"; };
		26AB6A79259796C300960AD0 /* landmarkData.json */ = {isa = PBXFileReference; fileEncoding = 4; lastKnownFileType = text.json; path = landmarkData.json; sourceTree = "<group>"; };
		26AB6A83259796EA00960AD0 /* Landmark.swift */ = {isa = PBXFileReference; lastKnownFileType = sourcecode.swift; path = Landmark.swift; sourceTree = "<group>"; };
		26AB6A8D2597999200960AD0 /* ModelData.swift */ = {isa = PBXFileReference; lastKnownFileType = sourcecode.swift; path = ModelData.swift; sourceTree = "<group>"; };
/* End PBXFileReference section */

/* Begin PBXFrameworksBuildPhase section */
		26AB6A3625967A5900960AD0 /* Frameworks */ = {
			isa = PBXFrameworksBuildPhase;
			buildActionMask = 2147483647;
			files = (
			);
			runOnlyForDeploymentPostprocessing = 0;
		};
		26AB6A4725967A5A00960AD0 /* Frameworks */ = {
			isa = PBXFrameworksBuildPhase;
			buildActionMask = 2147483647;
			files = (
			);
			runOnlyForDeploymentPostprocessing = 0;
		};
		26AB6A5225967A5A00960AD0 /* Frameworks */ = {
			isa = PBXFrameworksBuildPhase;
			buildActionMask = 2147483647;
			files = (
			);
			runOnlyForDeploymentPostprocessing = 0;
		};
/* End PBXFrameworksBuildPhase section */

/* Begin PBXGroup section */
		26AB6A3025967A5900960AD0 = {
			isa = PBXGroup;
			children = (
				26AB6A3B25967A5900960AD0 /* Landmarks */,
				26AB6A4D25967A5A00960AD0 /* LandmarksTests */,
				26AB6A5825967A5A00960AD0 /* LandmarksUITests */,
				26AB6A3A25967A5900960AD0 /* Products */,
			);
			sourceTree = "<group>";
		};
		26AB6A3A25967A5900960AD0 /* Products */ = {
			isa = PBXGroup;
			children = (
				26AB6A3925967A5900960AD0 /* Landmarks.app */,
				26AB6A4A25967A5A00960AD0 /* LandmarksTests.xctest */,
				26AB6A5525967A5A00960AD0 /* LandmarksUITests.xctest */,
			);
			name = Products;
			sourceTree = "<group>";
		};
		26AB6A3B25967A5900960AD0 /* Landmarks */ = {
			isa = PBXGroup;
			children = (
				26AB6A98259799D500960AD0 /* Model */,
				26AB6A97259799CC00960AD0 /* View */,
				26AB6A78259796B500960AD0 /* Resources */,
				26AB6A3C25967A5900960AD0 /* LandmarksApp.swift */,
				26AB6A4025967A5A00960AD0 /* Assets.xcassets */,
				26AB6A4525967A5A00960AD0 /* Info.plist */,
				26AB6A4225967A5A00960AD0 /* Preview Content */,
			);
			path = Landmarks;
			sourceTree = "<group>";
		};
		26AB6A4225967A5A00960AD0 /* Preview Content */ = {
			isa = PBXGroup;
			children = (
				26AB6A4325967A5A00960AD0 /* Preview Assets.xcassets */,
			);
			path = "Preview Content";
			sourceTree = "<group>";
		};
		26AB6A4D25967A5A00960AD0 /* LandmarksTests */ = {
			isa = PBXGroup;
			children = (
				26AB6A4E25967A5A00960AD0 /* LandmarksTests.swift */,
				26AB6A5025967A5A00960AD0 /* Info.plist */,
			);
			path = LandmarksTests;
			sourceTree = "<group>";
		};
		26AB6A5825967A5A00960AD0 /* LandmarksUITests */ = {
			isa = PBXGroup;
			children = (
				26AB6A5925967A5A00960AD0 /* LandmarksUITests.swift */,
				26AB6A5B25967A5A00960AD0 /* Info.plist */,
			);
			path = LandmarksUITests;
			sourceTree = "<group>";
		};
		26AB6A78259796B500960AD0 /* Resources */ = {
			isa = PBXGroup;
			children = (
				26AB6A79259796C300960AD0 /* landmarkData.json */,
			);
			path = Resources;
			sourceTree = "<group>";
		};
		26AB6A97259799CC00960AD0 /* View */ = {
			isa = PBXGroup;
			children = (
				26AB6A3E25967A5900960AD0 /* ContentView.swift */,
				26AB6A6A25978BBE00960AD0 /* CircleImage.swift */,
				26AB6A7125978D2100960AD0 /* MapView.swift */,
			);
			path = View;
			sourceTree = "<group>";
		};
		26AB6A98259799D500960AD0 /* Model */ = {
			isa = PBXGroup;
			children = (
				26AB6A8D2597999200960AD0 /* ModelData.swift */,
				26AB6A83259796EA00960AD0 /* Landmark.swift */,
			);
			path = Model;
			sourceTree = "<group>";
		};
/* End PBXGroup section */

/* Begin PBXNativeTarget section */
		26AB6A3825967A5900960AD0 /* Landmarks */ = {
			isa = PBXNativeTarget;
			buildConfigurationList = 26AB6A5E25967A5A00960AD0 /* Build configuration list for PBXNativeTarget "Landmarks" */;
			buildPhases = (
				26AB6A3525967A5900960AD0 /* Sources */,
				26AB6A3625967A5900960AD0 /* Frameworks */,
				26AB6A3725967A5900960AD0 /* Resources */,
			);
			buildRules = (
			);
			dependencies = (
			);
			name = Landmarks;
			productName = Landmarks;
			productReference = 26AB6A3925967A5900960AD0 /* Landmarks.app */;
			productType = "com.apple.product-type.application";
		};
		26AB6A4925967A5A00960AD0 /* LandmarksTests */ = {
			isa = PBXNativeTarget;
			buildConfigurationList = 26AB6A6125967A5A00960AD0 /* Build configuration list for PBXNativeTarget "LandmarksTests" */;
			buildPhases = (
				26AB6A4625967A5A00960AD0 /* Sources */,
				26AB6A4725967A5A00960AD0 /* Frameworks */,
				26AB6A4825967A5A00960AD0 /* Resources */,
			);
			buildRules = (
			);
			dependencies = (
				26AB6A4C25967A5A00960AD0 /* PBXTargetDependency */,
			);
			name = LandmarksTests;
			productName = LandmarksTests;
			productReference = 26AB6A4A25967A5A00960AD0 /* LandmarksTests.xctest */;
			productType = "com.apple.product-type.bundle.unit-test";
		};
		26AB6A5425967A5A00960AD0 /* LandmarksUITests */ = {
			isa = PBXNativeTarget;
			buildConfigurationList = 26AB6A6425967A5A00960AD0 /* Build configuration list for PBXNativeTarget "LandmarksUITests" */;
			buildPhases = (
				26AB6A5125967A5A00960AD0 /* Sources */,
				26AB6A5225967A5A00960AD0 /* Frameworks */,
				26AB6A5325967A5A00960AD0 /* Resources */,
			);
			buildRules = (
			);
			dependencies = (
				26AB6A5725967A5A00960AD0 /* PBXTargetDependency */,
			);
			name = LandmarksUITests;
			productName = LandmarksUITests;
			productReference = 26AB6A5525967A5A00960AD0 /* LandmarksUITests.xctest */;
			productType = "com.apple.product-type.bundle.ui-testing";
		};
/* End PBXNativeTarget section */

/* Begin PBXProject section */
		26AB6A3125967A5900960AD0 /* Project object */ = {
			isa = PBXProject;
			attributes = {
				LastSwiftUpdateCheck = 1230;
				LastUpgradeCheck = 1230;
				TargetAttributes = {
					26AB6A3825967A5900960AD0 = {
						CreatedOnToolsVersion = 12.3;
					};
					26AB6A4925967A5A00960AD0 = {
						CreatedOnToolsVersion = 12.3;
						TestTargetID = 26AB6A3825967A5900960AD0;
					};
					26AB6A5425967A5A00960AD0 = {
						CreatedOnToolsVersion = 12.3;
						TestTargetID = 26AB6A3825967A5900960AD0;
					};
				};
			};
			buildConfigurationList = 26AB6A3425967A5900960AD0 /* Build configuration list for PBXProject "Landmarks" */;
			compatibilityVersion = "Xcode 9.3";
			developmentRegion = en;
			hasScannedForEncodings = 0;
			knownRegions = (
				en,
				Base,
			);
			mainGroup = 26AB6A3025967A5900960AD0;
			productRefGroup = 26AB6A3A25967A5900960AD0 /* Products */;
			projectDirPath = "";
			projectRoot = "";
			targets = (
				26AB6A3825967A5900960AD0 /* Landmarks */,
				26AB6A4925967A5A00960AD0 /* LandmarksTests */,
				26AB6A5425967A5A00960AD0 /* LandmarksUITests */,
			);
		};
/* End PBXProject section */

/* Begin PBXResourcesBuildPhase section */
		26AB6A3725967A5900960AD0 /* Resources */ = {
			isa = PBXResourcesBuildPhase;
			buildActionMask = 2147483647;
			files = (
				26AB6A4425967A5A00960AD0 /* Preview Assets.xcassets in Resources */,
				26AB6A4125967A5A00960AD0 /* Assets.xcassets in Resources */,
				26AB6A7A259796C300960AD0 /* landmarkData.json in Resources */,
			);
			runOnlyForDeploymentPostprocessing = 0;
		};
		26AB6A4825967A5A00960AD0 /* Resources */ = {
			isa = PBXResourcesBuildPhase;
			buildActionMask = 2147483647;
			files = (
				26AB6A7B259796C300960AD0 /* landmarkData.json in Resources */,
			);
			runOnlyForDeploymentPostprocessing = 0;
		};
		26AB6A5325967A5A00960AD0 /* Resources */ = {
			isa = PBXResourcesBuildPhase;
			buildActionMask = 2147483647;
			files = (
				26AB6A7C259796C300960AD0 /* landmarkData.json in Resources */,
			);
			runOnlyForDeploymentPostprocessing = 0;
		};
/* End PBXResourcesBuildPhase section */

/* Begin PBXSourcesBuildPhase section */
		26AB6A3525967A5900960AD0 /* Sources */ = {
			isa = PBXSourcesBuildPhase;
			buildActionMask = 2147483647;
			files = (
				26AB6A3F25967A5900960AD0 /* ContentView.swift in Sources */,
				26AB6A7225978D2100960AD0 /* MapView.swift in Sources */,
				26AB6A3D25967A5900960AD0 /* LandmarksApp.swift in Sources */,
				26AB6A6B25978BBE00960AD0 /* CircleImage.swift in Sources */,
				26AB6A84259796EA00960AD0 /* Landmark.swift in Sources */,
				26AB6A8E2597999200960AD0 /* ModelData.swift in Sources */,
			);
			runOnlyForDeploymentPostprocessing = 0;
		};
		26AB6A4625967A5A00960AD0 /* Sources */ = {
			isa = PBXSourcesBuildPhase;
			buildActionMask = 2147483647;
			files = (
				26AB6A4F25967A5A00960AD0 /* LandmarksTests.swift in Sources */,
				26AB6A7325978D2100960AD0 /* MapView.swift in Sources */,
				26AB6A9A259799F300960AD0 /* ContentView.swift in Sources */,
				26AB6A8F2597999200960AD0 /* ModelData.swift in Sources */,
				26AB6A6C25978BBE00960AD0 /* CircleImage.swift in Sources */,
				26AB6A85259796EA00960AD0 /* Landmark.swift in Sources */,
			);
			runOnlyForDeploymentPostprocessing = 0;
		};
		26AB6A5125967A5A00960AD0 /* Sources */ = {
			isa = PBXSourcesBuildPhase;
			buildActionMask = 2147483647;
			files = (
				26AB6A5A25967A5A00960AD0 /* LandmarksUITests.swift in Sources */,
				26AB6A7425978D2100960AD0 /* MapView.swift in Sources */,
				26AB6A99259799F300960AD0 /* ContentView.swift in Sources */,
				26AB6A902597999200960AD0 /* ModelData.swift in Sources */,
				26AB6A6D25978BBE00960AD0 /* CircleImage.swift in Sources */,
				26AB6A86259796EA00960AD0 /* Landmark.swift in Sources */,
			);
			runOnlyForDeploymentPostprocessing = 0;
		};
/* End PBXSourcesBuildPhase section */

/* Begin PBXTargetDependency section */
		26AB6A4C25967A5A00960AD0 /* PBXTargetDependency */ = {
			isa = PBXTargetDependency;
			target = 26AB6A3825967A5900960AD0 /* Landmarks */;
			targetProxy = 26AB6A4B25967A5A00960AD0 /* PBXContainerItemProxy */;
		};
		26AB6A5725967A5A00960AD0 /* PBXTargetDependency */ = {
			isa = PBXTargetDependency;
			target = 26AB6A3825967A5900960AD0 /* Landmarks */;
			targetProxy = 26AB6A5625967A5A00960AD0 /* PBXContainerItemProxy */;
		};
/* End PBXTargetDependency section */

/* Begin XCBuildConfiguration section */
		26AB6A5C25967A5A00960AD0 /* Debug */ = {
			isa = XCBuildConfiguration;
			buildSettings = {
				ALWAYS_SEARCH_USER_PATHS = NO;
				CLANG_ANALYZER_NONNULL = YES;
				CLANG_ANALYZER_NUMBER_OBJECT_CONVERSION = YES_AGGRESSIVE;
				CLANG_CXX_LANGUAGE_STANDARD = "gnu++14";
				CLANG_CXX_LIBRARY = "libc++";
				CLANG_ENABLE_MODULES = YES;
				CLANG_ENABLE_OBJC_ARC = YES;
				CLANG_ENABLE_OBJC_WEAK = YES;
				CLANG_WARN_BLOCK_CAPTURE_AUTORELEASING = YES;
				CLANG_WARN_BOOL_CONVERSION = YES;
				CLANG_WARN_COMMA = YES;
				CLANG_WARN_CONSTANT_CONVERSION = YES;
				CLANG_WARN_DEPRECATED_OBJC_IMPLEMENTATIONS = YES;
				CLANG_WARN_DIRECT_OBJC_ISA_USAGE = YES_ERROR;
				CLANG_WARN_DOCUMENTATION_COMMENTS = YES;
				CLANG_WARN_EMPTY_BODY = YES;
				CLANG_WARN_ENUM_CONVERSION = YES;
				CLANG_WARN_INFINITE_RECURSION = YES;
				CLANG_WARN_INT_CONVERSION = YES;
				CLANG_WARN_NON_LITERAL_NULL_CONVERSION = YES;
				CLANG_WARN_OBJC_IMPLICIT_RETAIN_SELF = YES;
				CLANG_WARN_OBJC_LITERAL_CONVERSION = YES;
				CLANG_WARN_OBJC_ROOT_CLASS = YES_ERROR;
				CLANG_WARN_QUOTED_INCLUDE_IN_FRAMEWORK_HEADER = YES;
				CLANG_WARN_RANGE_LOOP_ANALYSIS = YES;
				CLANG_WARN_STRICT_PROTOTYPES = YES;
				CLANG_WARN_SUSPICIOUS_MOVE = YES;
				CLANG_WARN_UNGUARDED_AVAILABILITY = YES_AGGRESSIVE;
				CLANG_WARN_UNREACHABLE_CODE = YES;
				CLANG_WARN__DUPLICATE_METHOD_MATCH = YES;
				COPY_PHASE_STRIP = NO;
				DEBUG_INFORMATION_FORMAT = dwarf;
				ENABLE_STRICT_OBJC_MSGSEND = YES;
				ENABLE_TESTABILITY = YES;
				GCC_C_LANGUAGE_STANDARD = gnu11;
				GCC_DYNAMIC_NO_PIC = NO;
				GCC_NO_COMMON_BLOCKS = YES;
				GCC_OPTIMIZATION_LEVEL = 0;
				GCC_PREPROCESSOR_DEFINITIONS = (
					"DEBUG=1",
					"$(inherited)",
				);
				GCC_WARN_64_TO_32_BIT_CONVERSION = YES;
				GCC_WARN_ABOUT_RETURN_TYPE = YES_ERROR;
				GCC_WARN_UNDECLARED_SELECTOR = YES;
				GCC_WARN_UNINITIALIZED_AUTOS = YES_AGGRESSIVE;
				GCC_WARN_UNUSED_FUNCTION = YES;
				GCC_WARN_UNUSED_VARIABLE = YES;
				IPHONEOS_DEPLOYMENT_TARGET = 14.3;
				MTL_ENABLE_DEBUG_INFO = INCLUDE_SOURCE;
				MTL_FAST_MATH = YES;
				ONLY_ACTIVE_ARCH = YES;
				SDKROOT = iphoneos;
				SWIFT_ACTIVE_COMPILATION_CONDITIONS = DEBUG;
				SWIFT_OPTIMIZATION_LEVEL = "-Onone";
			};
			name = Debug;
		};
		26AB6A5D25967A5A00960AD0 /* Release */ = {
			isa = XCBuildConfiguration;
			buildSettings = {
				ALWAYS_SEARCH_USER_PATHS = NO;
				CLANG_ANALYZER_NONNULL = YES;
				CLANG_ANALYZER_NUMBER_OBJECT_CONVERSION = YES_AGGRESSIVE;
				CLANG_CXX_LANGUAGE_STANDARD = "gnu++14";
				CLANG_CXX_LIBRARY = "libc++";
				CLANG_ENABLE_MODULES = YES;
				CLANG_ENABLE_OBJC_ARC = YES;
				CLANG_ENABLE_OBJC_WEAK = YES;
				CLANG_WARN_BLOCK_CAPTURE_AUTORELEASING = YES;
				CLANG_WARN_BOOL_CONVERSION = YES;
				CLANG_WARN_COMMA = YES;
				CLANG_WARN_CONSTANT_CONVERSION = YES;
				CLANG_WARN_DEPRECATED_OBJC_IMPLEMENTATIONS = YES;
				CLANG_WARN_DIRECT_OBJC_ISA_USAGE = YES_ERROR;
				CLANG_WARN_DOCUMENTATION_COMMENTS = YES;
				CLANG_WARN_EMPTY_BODY = YES;
				CLANG_WARN_ENUM_CONVERSION = YES;
				CLANG_WARN_INFINITE_RECURSION = YES;
				CLANG_WARN_INT_CONVERSION = YES;
				CLANG_WARN_NON_LITERAL_NULL_CONVERSION = YES;
				CLANG_WARN_OBJC_IMPLICIT_RETAIN_SELF = YES;
				CLANG_WARN_OBJC_LITERAL_CONVERSION = YES;
				CLANG_WARN_OBJC_ROOT_CLASS = YES_ERROR;
				CLANG_WARN_QUOTED_INCLUDE_IN_FRAMEWORK_HEADER = YES;
				CLANG_WARN_RANGE_LOOP_ANALYSIS = YES;
				CLANG_WARN_STRICT_PROTOTYPES = YES;
				CLANG_WARN_SUSPICIOUS_MOVE = YES;
				CLANG_WARN_UNGUARDED_AVAILABILITY = YES_AGGRESSIVE;
				CLANG_WARN_UNREACHABLE_CODE = YES;
				CLANG_WARN__DUPLICATE_METHOD_MATCH = YES;
				COPY_PHASE_STRIP = NO;
				DEBUG_INFORMATION_FORMAT = "dwarf-with-dsym";
				ENABLE_NS_ASSERTIONS = NO;
				ENABLE_STRICT_OBJC_MSGSEND = YES;
				GCC_C_LANGUAGE_STANDARD = gnu11;
				GCC_NO_COMMON_BLOCKS = YES;
				GCC_WARN_64_TO_32_BIT_CONVERSION = YES;
				GCC_WARN_ABOUT_RETURN_TYPE = YES_ERROR;
				GCC_WARN_UNDECLARED_SELECTOR = YES;
				GCC_WARN_UNINITIALIZED_AUTOS = YES_AGGRESSIVE;
				GCC_WARN_UNUSED_FUNCTION = YES;
				GCC_WARN_UNUSED_VARIABLE = YES;
				IPHONEOS_DEPLOYMENT_TARGET = 14.3;
				MTL_ENABLE_DEBUG_INFO = NO;
				MTL_FAST_MATH = YES;
				SDKROOT = iphoneos;
				SWIFT_COMPILATION_MODE = wholemodule;
				SWIFT_OPTIMIZATION_LEVEL = "-O";
				VALIDATE_PRODUCT = YES;
			};
			name = Release;
		};
		26AB6A5F25967A5A00960AD0 /* Debug */ = {
			isa = XCBuildConfiguration;
			buildSettings = {
				ASSETCATALOG_COMPILER_APPICON_NAME = AppIcon;
				ASSETCATALOG_COMPILER_GLOBAL_ACCENT_COLOR_NAME = AccentColor;
				CODE_SIGN_STYLE = Automatic;
				DEVELOPMENT_ASSET_PATHS = "\"Landmarks/Preview Content\"";
				DEVELOPMENT_TEAM = 88V5AMKH5K;
				ENABLE_PREVIEWS = YES;
				INFOPLIST_FILE = Landmarks/Info.plist;
				IPHONEOS_DEPLOYMENT_TARGET = 14.0;
				LD_RUNPATH_SEARCH_PATHS = (
					"$(inherited)",
					"@executable_path/Frameworks",
				);
				PRODUCT_BUNDLE_IDENTIFIER = bashta.Landmarks;
				PRODUCT_NAME = "$(TARGET_NAME)";
				SWIFT_VERSION = 5.0;
				TARGETED_DEVICE_FAMILY = "1,2";
			};
			name = Debug;
		};
		26AB6A6025967A5A00960AD0 /* Release */ = {
			isa = XCBuildConfiguration;
			buildSettings = {
				ASSETCATALOG_COMPILER_APPICON_NAME = AppIcon;
				ASSETCATALOG_COMPILER_GLOBAL_ACCENT_COLOR_NAME = AccentColor;
				CODE_SIGN_STYLE = Automatic;
				DEVELOPMENT_ASSET_PATHS = "\"Landmarks/Preview Content\"";
				DEVELOPMENT_TEAM = 88V5AMKH5K;
				ENABLE_PREVIEWS = YES;
				INFOPLIST_FILE = Landmarks/Info.plist;
				IPHONEOS_DEPLOYMENT_TARGET = 14.0;
				LD_RUNPATH_SEARCH_PATHS = (
					"$(inherited)",
					"@executable_path/Frameworks",
				);
				PRODUCT_BUNDLE_IDENTIFIER = bashta.Landmarks;
				PRODUCT_NAME = "$(TARGET_NAME)";
				SWIFT_VERSION = 5.0;
				TARGETED_DEVICE_FAMILY = "1,2";
			};
			name = Release;
		};
		26AB6A6225967A5A00960AD0 /* Debug */ = {
			isa = XCBuildConfiguration;
			buildSettings = {
				ALWAYS_EMBED_SWIFT_STANDARD_LIBRARIES = YES;
				BUNDLE_LOADER = "$(TEST_HOST)";
				CODE_SIGN_STYLE = Automatic;
				DEVELOPMENT_TEAM = 88V5AMKH5K;
				INFOPLIST_FILE = LandmarksTests/Info.plist;
				IPHONEOS_DEPLOYMENT_TARGET = 14.0;
				LD_RUNPATH_SEARCH_PATHS = (
					"$(inherited)",
					"@executable_path/Frameworks",
					"@loader_path/Frameworks",
				);
				PRODUCT_BUNDLE_IDENTIFIER = bashta.LandmarksTests;
				PRODUCT_NAME = "$(TARGET_NAME)";
				SWIFT_VERSION = 5.0;
				TARGETED_DEVICE_FAMILY = "1,2";
				TEST_HOST = "$(BUILT_PRODUCTS_DIR)/Landmarks.app/Landmarks";
			};
			name = Debug;
		};
		26AB6A6325967A5A00960AD0 /* Release */ = {
			isa = XCBuildConfiguration;
			buildSettings = {
				ALWAYS_EMBED_SWIFT_STANDARD_LIBRARIES = YES;
				BUNDLE_LOADER = "$(TEST_HOST)";
				CODE_SIGN_STYLE = Automatic;
				DEVELOPMENT_TEAM = 88V5AMKH5K;
				INFOPLIST_FILE = LandmarksTests/Info.plist;
				IPHONEOS_DEPLOYMENT_TARGET = 14.0;
				LD_RUNPATH_SEARCH_PATHS = (
					"$(inherited)",
					"@executable_path/Frameworks",
					"@loader_path/Frameworks",
				);
				PRODUCT_BUNDLE_IDENTIFIER = bashta.LandmarksTests;
				PRODUCT_NAME = "$(TARGET_NAME)";
				SWIFT_VERSION = 5.0;
				TARGETED_DEVICE_FAMILY = "1,2";
				TEST_HOST = "$(BUILT_PRODUCTS_DIR)/Landmarks.app/Landmarks";
			};
			name = Release;
		};
		26AB6A6525967A5A00960AD0 /* Debug */ = {
			isa = XCBuildConfiguration;
			buildSettings = {
				ALWAYS_EMBED_SWIFT_STANDARD_LIBRARIES = YES;
				CODE_SIGN_STYLE = Automatic;
				DEVELOPMENT_TEAM = 88V5AMKH5K;
				INFOPLIST_FILE = LandmarksUITests/Info.plist;
				LD_RUNPATH_SEARCH_PATHS = (
					"$(inherited)",
					"@executable_path/Frameworks",
					"@loader_path/Frameworks",
				);
				PRODUCT_BUNDLE_IDENTIFIER = bashta.LandmarksUITests;
				PRODUCT_NAME = "$(TARGET_NAME)";
				SWIFT_VERSION = 5.0;
				TARGETED_DEVICE_FAMILY = "1,2";
				TEST_TARGET_NAME = Landmarks;
			};
			name = Debug;
		};
		26AB6A6625967A5A00960AD0 /* Release */ = {
			isa = XCBuildConfiguration;
			buildSettings = {
				ALWAYS_EMBED_SWIFT_STANDARD_LIBRARIES = YES;
				CODE_SIGN_STYLE = Automatic;
				DEVELOPMENT_TEAM = 88V5AMKH5K;
				INFOPLIST_FILE = LandmarksUITests/Info.plist;
				LD_RUNPATH_SEARCH_PATHS = (
					"$(inherited)",
					"@executable_path/Frameworks",
					"@loader_path/Frameworks",
				);
				PRODUCT_BUNDLE_IDENTIFIER = bashta.LandmarksUITests;
				PRODUCT_NAME = "$(TARGET_NAME)";
				SWIFT_VERSION = 5.0;
				TARGETED_DEVICE_FAMILY = "1,2";
				TEST_TARGET_NAME = Landmarks;
			};
			name = Release;
		};
/* End XCBuildConfiguration section */

/* Begin XCConfigurationList section */
		26AB6A3425967A5900960AD0 /* Build configuration list for PBXProject "Landmarks" */ = {
			isa = XCConfigurationList;
			buildConfigurations = (
				26AB6A5C25967A5A00960AD0 /* Debug */,
				26AB6A5D25967A5A00960AD0 /* Release */,
			);
			defaultConfigurationIsVisible = 0;
			defaultConfigurationName = Release;
		};
		26AB6A5E25967A5A00960AD0 /* Build configuration list for PBXNativeTarget "Landmarks" */ = {
			isa = XCConfigurationList;
			buildConfigurations = (
				26AB6A5F25967A5A00960AD0 /* Debug */,
				26AB6A6025967A5A00960AD0 /* Release */,
			);
			defaultConfigurationIsVisible = 0;
			defaultConfigurationName = Release;
		};
		26AB6A6125967A5A00960AD0 /* Build configuration list for PBXNativeTarget "LandmarksTests" */ = {
			isa = XCConfigurationList;
			buildConfigurations = (
				26AB6A6225967A5A00960AD0 /* Debug */,
				26AB6A6325967A5A00960AD0 /* Release */,
			);
			defaultConfigurationIsVisible = 0;
			defaultConfigurationName = Release;
		};
		26AB6A6425967A5A00960AD0 /* Build configuration list for PBXNativeTarget "LandmarksUITests" */ = {
			isa = XCConfigurationList;
			buildConfigurations = (
				26AB6A6525967A5A00960AD0 /* Debug */,
				26AB6A6625967A5A00960AD0 /* Release */,
			);
			defaultConfigurationIsVisible = 0;
			defaultConfigurationName = Release;
		};
/* End XCConfigurationList section */
	};
	rootObject = 26AB6A3125967A5900960AD0 /* Project object */;
}
